
Microsoft Visual Studio Solution File, Format Version 12.00
# Visual Studio Version 17
VisualStudioVersion = 17.1.32414.318
MinimumVisualStudioVersion = 10.0.40219.1
Project("{9A19103F-16F7-4668-BE54-9A1E7A4F7556}") = "COVID19Game", "COVID19Game\COVID19Game.csproj", "{88E27697-2C9E-467F-A833-BD5F39BC81DF}"
EndProject
Global
	GlobalSection(SolutionConfigurationPlatforms) = preSolution
		Debug|Any CPU = Debug|Any CPU
		Release|Any CPU = Release|Any CPU
	EndGlobalSection
	GlobalSection(ProjectConfigurationPlatforms) = postSolution
		{88E27697-2C9E-467F-A833-BD5F39BC81DF}.Debug|Any CPU.ActiveCfg = Debug|Any CPU
		{88E27697-2C9E-467F-A833-BD5F39BC81DF}.Debug|Any CPU.Build.0 = Debug|Any CPU
		{88E27697-2C9E-467F-A833-BD5F39BC81DF}.Release|Any CPU.ActiveCfg = Release|Any CPU
		{88E27697-2C9E-467F-A833-BD5F39BC81DF}.Release|Any CPU.Build.0 = Release|Any CPU
	EndGlobalSection
	GlobalSection(SolutionProperties) = preSolution
		HideSolutionNode = FALSE
	EndGlobalSection
	GlobalSection(ExtensibilityGlobals) = postSolution
		SolutionGuid = {286E0A0A-884C-4A69-8A46-D70269E1D1ED}
	EndGlobalSection
EndGlobal
